Microsoft Visual Studio Solution File, Format Version 11.00
# Visual Studio 2008

Project("{D171647A-D803-ED26-B74C-6B4FF0D4B63A}") = "Lego", "Assembly-CSharp-firstpass.csproj", "{DEE98A3B-B166-7BAA-7AC6-CAFD742A82C1}"
EndProject
Project("{D171647A-D803-ED26-B74C-6B4FF0D4B63A}") = "Lego", "Assembly-CSharp.csproj", "{59B62FFC-0B1D-60D0-FB1E-D5E032D68A9B}"
EndProject
Project("{D171647A-D803-ED26-B74C-6B4FF0D4B63A}") = "Lego", "Assembly-CSharp-Editor.csproj", "{4F117EB8-C99F-7BDB-C3C6-8F8A68289373}"
EndProject
Project("{D171647A-D803-ED26-B74C-6B4FF0D4B63A}") = "Lego", "Assembly-UnityScript-firstpass.unityproj", "{C888BED5-4660-9F20-1D63-9C00596224FE}"
EndProject
Global
	GlobalSection(SolutionConfigurationPlatforms) = preSolution
		Debug|Any CPU = Debug|Any CPU
		Release|Any CPU = Release|Any CPU
	EndGlobalSection
	GlobalSection(ProjectConfigurationPlatforms) = postSolution
		{DEE98A3B-B166-7BAA-7AC6-CAFD742A82C1}.Debug|Any CPU.ActiveCfg = Debug|Any CPU
		{DEE98A3B-B166-7BAA-7AC6-CAFD742A82C1}.Debug|Any CPU.Build.0 = Debug|Any CPU
		{DEE98A3B-B166-7BAA-7AC6-CAFD742A82C1}.Release|Any CPU.ActiveCfg = Release|Any CPU
		{DEE98A3B-B166-7BAA-7AC6-CAFD742A82C1}.Release|Any CPU.Build.0 = Release|Any CPU
		{59B62FFC-0B1D-60D0-FB1E-D5E032D68A9B}.Debug|Any CPU.ActiveCfg = Debug|Any CPU
		{59B62FFC-0B1D-60D0-FB1E-D5E032D68A9B}.Debug|Any CPU.Build.0 = Debug|Any CPU
		{59B62FFC-0B1D-60D0-FB1E-D5E032D68A9B}.Release|Any CPU.ActiveCfg = Release|Any CPU
		{59B62FFC-0B1D-60D0-FB1E-D5E032D68A9B}.Release|Any CPU.Build.0 = Release|Any CPU
		{4F117EB8-C99F-7BDB-C3C6-8F8A68289373}.Debug|Any CPU.ActiveCfg = Debug|Any CPU
		{4F117EB8-C99F-7BDB-C3C6-8F8A68289373}.Debug|Any CPU.Build.0 = Debug|Any CPU
		{4F117EB8-C99F-7BDB-C3C6-8F8A68289373}.Release|Any CPU.ActiveCfg = Release|Any CPU
		{4F117EB8-C99F-7BDB-C3C6-8F8A68289373}.Release|Any CPU.Build.0 = Release|Any CPU
		{C888BED5-4660-9F20-1D63-9C00596224FE}.Debug|Any CPU.ActiveCfg = Debug|Any CPU
		{C888BED5-4660-9F20-1D63-9C00596224FE}.Debug|Any CPU.Build.0 = Debug|Any CPU
		{C888BED5-4660-9F20-1D63-9C00596224FE}.Release|Any CPU.ActiveCfg = Release|Any CPU
		{C888BED5-4660-9F20-1D63-9C00596224FE}.Release|Any CPU.Build.0 = Release|Any CPU
	EndGlobalSection
	GlobalSection(SolutionProperties) = preSolution
		HideSolutionNode = FALSE
	EndGlobalSection
														GlobalSection(MonoDevelopProperties) = preSolution
		StartupItem = Assembly-CSharp.csproj
		Policies = $0
		$0.TextStylePolicy = $1
		$1.inheritsSet = null
		$1.scope = text/x-csharp
		$0.CSharpFormattingPolicy = $2
		$2.inheritsSet = Mono
		$2.inheritsScope = text/x-csharp
		$2.scope = text/x-csharp
		$0.TextStylePolicy = $3
		$3.FileWidth = 120
		$3.TabWidth = 4
		$3.EolMarker = Unix
		$3.inheritsSet = Mono
		$3.inheritsScope = text/plain
		$3.scope = text/plain
	EndGlobalSection

EndGlobal
